{
  "name": "calculate",
  "version": "1.0.0",
  "lockfileVersion": 1,
  "requires": true,
  "dependencies": {
    "jext": {
      "version": "0.4.3",
      "resolved": "https://registry.npmjs.org/jext/-/jext-0.4.3.tgz",
      "integrity": "sha1-cqJTLHEuZPJ6Qvk5vAoJ8MU6rsY=",
      "requires": {
        "xmldom": "^0.1.22"
      }
    },
    "xmldom": {
      "version": "0.1.27",
      "resolved": "https://registry.npmjs.org/xmldom/-/xmldom-0.1.27.tgz",
      "integrity": "sha1-1QH5ezvbQDr4757MIFcxh6rawOk="
    }
  }
}
